
Microsoft Visual Studio Solution File, Format Version 12.00
# Visual Studio 14
VisualStudioVersion = 14.0.25420.1
MinimumVisualStudioVersion = 10.0.40219.1
Project("{FAE04EC0-301F-11D3-BF4B-00C04F79EFBC}") = "XFDoggy", "XFDoggy\XFDoggy\XFDoggy.csproj", "{C67C504E-9A0E-4C2F-B7C7-AB92BCB9AD45}"
EndProject
Project("{FAE04EC0-301F-11D3-BF4B-00C04F79EFBC}") = "XFDoggy.Droid", "XFDoggy\XFDoggy.Droid\XFDoggy.Droid.csproj", "{C7850C8A-C595-4E87-B56D-054626ADCBC6}"
EndProject
Project("{FAE04EC0-301F-11D3-BF4B-00C04F79EFBC}") = "XFDoggy.iOS", "XFDoggy\XFDoggy.iOS\XFDoggy.iOS.csproj", "{5C3469B6-1C6F-423C-B263-8F04AA21FAF8}"
EndProject
Project("{FAE04EC0-301F-11D3-BF4B-00C04F79EFBC}") = "XFDoggy.UWP", "XFDoggy\XFDoggy.UWP\XFDoggy.UWP.csproj", "{34934724-1FEE-40A5-A5D5-7D9882949711}"
EndProject
Global
	GlobalSection(SolutionConfigurationPlatforms) = preSolution
		Ad-Hoc|Any CPU = Ad-Hoc|Any CPU
		Ad-Hoc|ARM = Ad-Hoc|ARM
		Ad-Hoc|iPhone = Ad-Hoc|iPhone
		Ad-Hoc|iPhoneSimulator = Ad-Hoc|iPhoneSimulator
		Ad-Hoc|x64 = Ad-Hoc|x64
		Ad-Hoc|x86 = Ad-Hoc|x86
		AppStore|Any CPU = AppStore|Any CPU
		AppStore|ARM = AppStore|ARM
		AppStore|iPhone = AppStore|iPhone
		AppStore|iPhoneSimulator = AppStore|iPhoneSimulator
		AppStore|x64 = AppStore|x64
		AppStore|x86 = AppStore|x86
		Debug|Any CPU = Debug|Any CPU
		Debug|ARM = Debug|ARM
		Debug|iPhone = Debug|iPhone
		Debug|iPhoneSimulator = Debug|iPhoneSimulator
		Debug|x64 = Debug|x64
		Debug|x86 = Debug|x86
		Release|Any CPU = Release|Any CPU
		Release|ARM = Release|ARM
		Release|iPhone = Release|iPhone
		Release|iPhoneSimulator = Release|iPhoneSimulator
		Release|x64 = Release|x64
		Release|x86 = Release|x86
	EndGlobalSection
	GlobalSection(ProjectConfigurationPlatforms) = postSolution
		{C67C504E-9A0E-4C2F-B7C7-AB92BCB9AD45}.Ad-Hoc|Any CPU.ActiveCfg = Release|Any CPU
		{C67C504E-9A0E-4C2F-B7C7-AB92BCB9AD45}.Ad-Hoc|Any CPU.Build.0 = Release|Any CPU
		{C67C504E-9A0E-4C2F-B7C7-AB92BCB9AD45}.Ad-Hoc|ARM.ActiveCfg = Release|Any CPU
		{C67C504E-9A0E-4C2F-B7C7-AB92BCB9AD45}.Ad-Hoc|ARM.Build.0 = Release|Any CPU
		{C67C504E-9A0E-4C2F-B7C7-AB92BCB9AD45}.Ad-Hoc|iPhone.ActiveCfg = Release|Any CPU
		{C67C504E-9A0E-4C2F-B7C7-AB92BCB9AD45}.Ad-Hoc|iPhone.Build.0 = Release|Any CPU
		{C67C504E-9A0E-4C2F-B7C7-AB92BCB9AD45}.Ad-Hoc|iPhoneSimulator.ActiveCfg = Release|Any CPU
		{C67C504E-9A0E-4C2F-B7C7-AB92BCB9AD45}.Ad-Hoc|iPhoneSimulator.Build.0 = Release|Any CPU
		{C67C504E-9A0E-4C2F-B7C7-AB92BCB9AD45}.Ad-Hoc|x64.ActiveCfg = Release|Any CPU
		{C67C504E-9A0E-4C2F-B7C7-AB92BCB9AD45}.Ad-Hoc|x64.Build.0 = Release|Any CPU
		{C67C504E-9A0E-4C2F-B7C7-AB92BCB9AD45}.Ad-Hoc|x86.ActiveCfg = Release|Any CPU
		{C67C504E-9A0E-4C2F-B7C7-AB92BCB9AD45}.Ad-Hoc|x86.Build.0 = Release|Any CPU
		{C67C504E-9A0E-4C2F-B7C7-AB92BCB9AD45}.AppStore|Any CPU.ActiveCfg = Release|Any CPU
		{C67C504E-9A0E-4C2F-B7C7-AB92BCB9AD45}.AppStore|Any CPU.Build.0 = Release|Any CPU
		{C67C504E-9A0E-4C2F-B7C7-AB92BCB9AD45}.AppStore|ARM.ActiveCfg = Release|Any CPU
		{C67C504E-9A0E-4C2F-B7C7-AB92BCB9AD45}.AppStore|ARM.Build.0 = Release|Any CPU
		{C67C504E-9A0E-4C2F-B7C7-AB92BCB9AD45}.AppStore|iPhone.ActiveCfg = Release|Any CPU
		{C67C504E-9A0E-4C2F-B7C7-AB92BCB9AD45}.AppStore|iPhone.Build.0 = Release|Any CPU
		{C67C504E-9A0E-4C2F-B7C7-AB92BCB9AD45}.AppStore|iPhoneSimulator.ActiveCfg = Release|Any CPU
		{C67C504E-9A0E-4C2F-B7C7-AB92BCB9AD45}.AppStore|iPhoneSimulator.Build.0 = Release|Any CPU
		{C67C504E-9A0E-4C2F-B7C7-AB92BCB9AD45}.AppStore|x64.ActiveCfg = Release|Any CPU
		{C67C504E-9A0E-4C2F-B7C7-AB92BCB9AD45}.AppStore|x64.Build.0 = Release|Any CPU
		{C67C504E-9A0E-4C2F-B7C7-AB92BCB9AD45}.AppStore|x86.ActiveCfg = Release|Any CPU
		{C67C504E-9A0E-4C2F-B7C7-AB92BCB9AD45}.AppStore|x86.Build.0 = Release|Any CPU
		{C67C504E-9A0E-4C2F-B7C7-AB92BCB9AD45}.Debug|Any CPU.ActiveCfg = Debug|Any CPU
		{C67C504E-9A0E-4C2F-B7C7-AB92BCB9AD45}.Debug|Any CPU.Build.0 = Debug|Any CPU
		{C67C504E-9A0E-4C2F-B7C7-AB92BCB9AD45}.Debug|ARM.ActiveCfg = Debug|Any CPU
		{C67C504E-9A0E-4C2F-B7C7-AB92BCB9AD45}.Debug|ARM.Build.0 = Debug|Any CPU
		{C67C504E-9A0E-4C2F-B7C7-AB92BCB9AD45}.Debug|iPhone.ActiveCfg = Debug|Any CPU
		{C67C504E-9A0E-4C2F-B7C7-AB92BCB9AD45}.Debug|iPhone.Build.0 = Debug|Any CPU
		{C67C504E-9A0E-4C2F-B7C7-AB92BCB9AD45}.Debug|iPhoneSimulator.ActiveCfg = Debug|Any CPU
		{C67C504E-9A0E-4C2F-B7C7-AB92BCB9AD45}.Debug|iPhoneSimulator.Build.0 = Debug|Any CPU
		{C67C504E-9A0E-4C2F-B7C7-AB92BCB9AD45}.Debug|x64.ActiveCfg = Debug|Any CPU
		{C67C504E-9A0E-4C2F-B7C7-AB92BCB9AD45}.Debug|x64.Build.0 = Debug|Any CPU
		{C67C504E-9A0E-4C2F-B7C7-AB92BCB9AD45}.Debug|x86.ActiveCfg = Debug|Any CPU
		{C67C504E-9A0E-4C2F-B7C7-AB92BCB9AD45}.Debug|x86.Build.0 = Debug|Any CPU
		{C67C504E-9A0E-4C2F-B7C7-AB92BCB9AD45}.Release|Any CPU.ActiveCfg = Release|Any CPU
		{C67C504E-9A0E-4C2F-B7C7-AB92BCB9AD45}.Release|Any CPU.Build.0 = Release|Any CPU
		{C67C504E-9A0E-4C2F-B7C7-AB92BCB9AD45}.Release|ARM.ActiveCfg = Release|Any CPU
		{C67C504E-9A0E-4C2F-B7C7-AB92BCB9AD45}.Release|ARM.Build.0 = Release|Any CPU
		{C67C504E-9A0E-4C2F-B7C7-AB92BCB9AD45}.Release|iPhone.ActiveCfg = Release|Any CPU
		{C67C504E-9A0E-4C2F-B7C7-AB92BCB9AD45}.Release|iPhone.Build.0 = Release|Any CPU
		{C67C504E-9A0E-4C2F-B7C7-AB92BCB9AD45}.Release|iPhoneSimulator.ActiveCfg = Release|Any CPU
		{C67C504E-9A0E-4C2F-B7C7-AB92BCB9AD45}.Release|iPhoneSimulator.Build.0 = Release|Any CPU
		{C67C504E-9A0E-4C2F-B7C7-AB92BCB9AD45}.Release|x64.ActiveCfg = Release|Any CPU
		{C67C504E-9A0E-4C2F-B7C7-AB92BCB9AD45}.Release|x64.Build.0 = Release|Any CPU
		{C67C504E-9A0E-4C2F-B7C7-AB92BCB9AD45}.Release|x86.ActiveCfg = Release|Any CPU
		{C67C504E-9A0E-4C2F-B7C7-AB92BCB9AD45}.Release|x86.Build.0 = Release|Any CPU
		{C7850C8A-C595-4E87-B56D-054626ADCBC6}.Ad-Hoc|Any CPU.ActiveCfg = Release|Any CPU
		{C7850C8A-C595-4E87-B56D-054626ADCBC6}.Ad-Hoc|Any CPU.Build.0 = Release|Any CPU
		{C7850C8A-C595-4E87-B56D-054626ADCBC6}.Ad-Hoc|Any CPU.Deploy.0 = Release|Any CPU
		{C7850C8A-C595-4E87-B56D-054626ADCBC6}.Ad-Hoc|ARM.ActiveCfg = Release|Any CPU
		{C7850C8A-C595-4E87-B56D-054626ADCBC6}.Ad-Hoc|ARM.Build.0 = Release|Any CPU
		{C7850C8A-C595-4E87-B56D-054626ADCBC6}.Ad-Hoc|ARM.Deploy.0 = Release|Any CPU
		{C7850C8A-C595-4E87-B56D-054626ADCBC6}.Ad-Hoc|iPhone.ActiveCfg = Release|Any CPU
		{C7850C8A-C595-4E87-B56D-054626ADCBC6}.Ad-Hoc|iPhone.Build.0 = Release|Any CPU
		{C7850C8A-C595-4E87-B56D-054626ADCBC6}.Ad-Hoc|iPhone.Deploy.0 = Release|Any CPU
		{C7850C8A-C595-4E87-B56D-054626ADCBC6}.Ad-Hoc|iPhoneSimulator.ActiveCfg = Release|Any CPU
		{C7850C8A-C595-4E87-B56D-054626ADCBC6}.Ad-Hoc|iPhoneSimulator.Build.0 = Release|Any CPU
		{C7850C8A-C595-4E87-B56D-054626ADCBC6}.Ad-Hoc|iPhoneSimulator.Deploy.0 = Release|Any CPU
		{C7850C8A-C595-4E87-B56D-054626ADCBC6}.Ad-Hoc|x64.ActiveCfg = Release|Any CPU
		{C7850C8A-C595-4E87-B56D-054626ADCBC6}.Ad-Hoc|x64.Build.0 = Release|Any CPU
		{C7850C8A-C595-4E87-B56D-054626ADCBC6}.Ad-Hoc|x64.Deploy.0 = Release|Any CPU
		{C7850C8A-C595-4E87-B56D-054626ADCBC6}.Ad-Hoc|x86.ActiveCfg = Release|Any CPU
		{C7850C8A-C595-4E87-B56D-054626ADCBC6}.Ad-Hoc|x86.Build.0 = Release|Any CPU
		{C7850C8A-C595-4E87-B56D-054626ADCBC6}.Ad-Hoc|x86.Deploy.0 = Release|Any CPU
		{C7850C8A-C595-4E87-B56D-054626ADCBC6}.AppStore|Any CPU.ActiveCfg = Release|Any CPU
		{C7850C8A-C595-4E87-B56D-054626ADCBC6}.AppStore|Any CPU.Build.0 = Release|Any CPU
		{C7850C8A-C595-4E87-B56D-054626ADCBC6}.AppStore|Any CPU.Deploy.0 = Release|Any CPU
		{C7850C8A-C595-4E87-B56D-054626ADCBC6}.AppStore|ARM.ActiveCfg = Release|Any CPU
		{C7850C8A-C595-4E87-B56D-054626ADCBC6}.AppStore|ARM.Build.0 = Release|Any CPU
		{C7850C8A-C595-4E87-B56D-054626ADCBC6}.AppStore|ARM.Deploy.0 = Release|Any CPU
		{C7850C8A-C595-4E87-B56D-054626ADCBC6}.AppStore|iPhone.ActiveCfg = Release|Any CPU
		{C7850C8A-C595-4E87-B56D-054626ADCBC6}.AppStore|iPhone.Build.0 = Release|Any CPU
		{C7850C8A-C595-4E87-B56D-054626ADCBC6}.AppStore|iPhone.Deploy.0 = Release|Any CPU
		{C7850C8A-C595-4E87-B56D-054626ADCBC6}.AppStore|iPhoneSimulator.ActiveCfg = Release|Any CPU
		{C7850C8A-C595-4E87-B56D-054626ADCBC6}.AppStore|iPhoneSimulator.Build.0 = Release|Any CPU
		{C7850C8A-C595-4E87-B56D-054626ADCBC6}.AppStore|iPhoneSimulator.Deploy.0 = Release|Any CPU
		{C7850C8A-C595-4E87-B56D-054626ADCBC6}.AppStore|x64.ActiveCfg = Release|Any CPU
		{C7850C8A-C595-4E87-B56D-054626ADCBC6}.AppStore|x64.Build.0 = Release|Any CPU
		{C7850C8A-C595-4E87-B56D-054626ADCBC6}.AppStore|x64.Deploy.0 = Release|Any CPU
		{C7850C8A-C595-4E87-B56D-054626ADCBC6}.AppStore|x86.ActiveCfg = Release|Any CPU
		{C7850C8A-C595-4E87-B56D-054626ADCBC6}.AppStore|x86.Build.0 = Release|Any CPU
		{C7850C8A-C595-4E87-B56D-054626ADCBC6}.AppStore|x86.Deploy.0 = Release|Any CPU
		{C7850C8A-C595-4E87-B56D-054626ADCBC6}.Debug|Any CPU.ActiveCfg = Debug|Any CPU
		{C7850C8A-C595-4E87-B56D-054626ADCBC6}.Debug|Any CPU.Build.0 = Debug|Any CPU
		{C7850C8A-C595-4E87-B56D-054626ADCBC6}.Debug|Any CPU.Deploy.0 = Debug|Any CPU
		{C7850C8A-C595-4E87-B56D-054626ADCBC6}.Debug|ARM.ActiveCfg = Debug|Any CPU
		{C7850C8A-C595-4E87-B56D-054626ADCBC6}.Debug|ARM.Build.0 = Debug|Any CPU
		{C7850C8A-C595-4E87-B56D-054626ADCBC6}.Debug|ARM.Deploy.0 = Debug|Any CPU
		{C7850C8A-C595-4E87-B56D-054626ADCBC6}.Debug|iPhone.ActiveCfg = Debug|Any CPU
		{C7850C8A-C595-4E87-B56D-054626ADCBC6}.Debug|iPhone.Build.0 = Debug|Any CPU
		{C7850C8A-C595-4E87-B56D-054626ADCBC6}.Debug|iPhone.Deploy.0 = Debug|Any CPU
		{C7850C8A-C595-4E87-B56D-054626ADCBC6}.Debug|iPhoneSimulator.ActiveCfg = Debug|Any CPU
		{C7850C8A-C595-4E87-B56D-054626ADCBC6}.Debug|iPhoneSimulator.Build.0 = Debug|Any CPU
		{C7850C8A-C595-4E87-B56D-054626ADCBC6}.Debug|iPhoneSimulator.Deploy.0 = Debug|Any CPU
		{C7850C8A-C595-4E87-B56D-054626ADCBC6}.Debug|x64.ActiveCfg = Debug|Any CPU
		{C7850C8A-C595-4E87-B56D-054626ADCBC6}.Debug|x64.Build.0 = Debug|Any CPU
		{C7850C8A-C595-4E87-B56D-054626ADCBC6}.Debug|x64.Deploy.0 = Debug|Any CPU
		{C7850C8A-C595-4E87-B56D-054626ADCBC6}.Debug|x86.ActiveCfg = Debug|Any CPU
		{C7850C8A-C595-4E87-B56D-054626ADCBC6}.Debug|x86.Build.0 = Debug|Any CPU
		{C7850C8A-C595-4E87-B56D-054626ADCBC6}.Debug|x86.Deploy.0 = Debug|Any CPU
		{C7850C8A-C595-4E87-B56D-054626ADCBC6}.Release|Any CPU.ActiveCfg = Release|Any CPU
		{C7850C8A-C595-4E87-B56D-054626ADCBC6}.Release|Any CPU.Build.0 = Release|Any CPU
		{C7850C8A-C595-4E87-B56D-054626ADCBC6}.Release|Any CPU.Deploy.0 = Release|Any CPU
		{C7850C8A-C595-4E87-B56D-054626ADCBC6}.Release|ARM.ActiveCfg = Release|Any CPU
		{C7850C8A-C595-4E87-B56D-054626ADCBC6}.Release|ARM.Build.0 = Release|Any CPU
		{C7850C8A-C595-4E87-B56D-054626ADCBC6}.Release|ARM.Deploy.0 = Release|Any CPU
		{C7850C8A-C595-4E87-B56D-054626ADCBC6}.Release|iPhone.ActiveCfg = Release|Any CPU
		{C7850C8A-C595-4E87-B56D-054626ADCBC6}.Release|iPhone.Build.0 = Release|Any CPU
		{C7850C8A-C595-4E87-B56D-054626ADCBC6}.Release|iPhone.Deploy.0 = Release|Any CPU
		{C7850C8A-C595-4E87-B56D-054626ADCBC6}.Release|iPhoneSimulator.ActiveCfg = Release|Any CPU
		{C7850C8A-C595-4E87-B56D-054626ADCBC6}.Release|iPhoneSimulator.Build.0 = Release|Any CPU
		{C7850C8A-C595-4E87-B56D-054626ADCBC6}.Release|iPhoneSimulator.Deploy.0 = Release|Any CPU
		{C7850C8A-C595-4E87-B56D-054626ADCBC6}.Release|x64.ActiveCfg = Release|Any CPU
		{C7850C8A-C595-4E87-B56D-054626ADCBC6}.Release|x64.Build.0 = Release|Any CPU
		{C7850C8A-C595-4E87-B56D-054626ADCBC6}.Release|x64.Deploy.0 = Release|Any CPU
		{C7850C8A-C595-4E87-B56D-054626ADCBC6}.Release|x86.ActiveCfg = Release|Any CPU
		{C7850C8A-C595-4E87-B56D-054626ADCBC6}.Release|x86.Build.0 = Release|Any CPU
		{C7850C8A-C595-4E87-B56D-054626ADCBC6}.Release|x86.Deploy.0 = Release|Any CPU
		{5C3469B6-1C6F-423C-B263-8F04AA21FAF8}.Ad-Hoc|Any CPU.ActiveCfg = Ad-Hoc|iPhone
		{5C3469B6-1C6F-423C-B263-8F04AA21FAF8}.Ad-Hoc|ARM.ActiveCfg = Ad-Hoc|iPhone
		{5C3469B6-1C6F-423C-B263-8F04AA21FAF8}.Ad-Hoc|iPhone.ActiveCfg = Ad-Hoc|iPhone
		{5C3469B6-1C6F-423C-B263-8F04AA21FAF8}.Ad-Hoc|iPhone.Build.0 = Ad-Hoc|iPhone
		{5C3469B6-1C6F-423C-B263-8F04AA21FAF8}.Ad-Hoc|iPhoneSimulator.ActiveCfg = Ad-Hoc|iPhoneSimulator
		{5C3469B6-1C6F-423C-B263-8F04AA21FAF8}.Ad-Hoc|iPhoneSimulator.Build.0 = Ad-Hoc|iPhoneSimulator
		{5C3469B6-1C6F-423C-B263-8F04AA21FAF8}.Ad-Hoc|x64.ActiveCfg = Ad-Hoc|iPhone
		{5C3469B6-1C6F-423C-B263-8F04AA21FAF8}.Ad-Hoc|x86.ActiveCfg = Ad-Hoc|iPhone
		{5C3469B6-1C6F-423C-B263-8F04AA21FAF8}.AppStore|Any CPU.ActiveCfg = AppStore|iPhone
		{5C3469B6-1C6F-423C-B263-8F04AA21FAF8}.AppStore|ARM.ActiveCfg = AppStore|iPhone
		{5C3469B6-1C6F-423C-B263-8F04AA21FAF8}.AppStore|iPhone.ActiveCfg = AppStore|iPhone
		{5C3469B6-1C6F-423C-B263-8F04AA21FAF8}.AppStore|iPhone.Build.0 = AppStore|iPhone
		{5C3469B6-1C6F-423C-B263-8F04AA21FAF8}.AppStore|iPhoneSimulator.ActiveCfg = AppStore|iPhoneSimulator
		{5C3469B6-1C6F-423C-B263-8F04AA21FAF8}.AppStore|iPhoneSimulator.Build.0 = AppStore|iPhoneSimulator
		{5C3469B6-1C6F-423C-B263-8F04AA21FAF8}.AppStore|x64.ActiveCfg = AppStore|iPhone
		{5C3469B6-1C6F-423C-B263-8F04AA21FAF8}.AppStore|x86.ActiveCfg = AppStore|iPhone
		{5C3469B6-1C6F-423C-B263-8F04AA21FAF8}.Debug|Any CPU.ActiveCfg = Debug|iPhone
		{5C3469B6-1C6F-423C-B263-8F04AA21FAF8}.Debug|Any CPU.Build.0 = Debug|iPhone
		{5C3469B6-1C6F-423C-B263-8F04AA21FAF8}.Debug|Any CPU.Deploy.0 = Debug|iPhone
		{5C3469B6-1C6F-423C-B263-8F04AA21FAF8}.Debug|ARM.ActiveCfg = Debug|iPhone
		{5C3469B6-1C6F-423C-B263-8F04AA21FAF8}.Debug|iPhone.ActiveCfg = Debug|iPhone
		{5C3469B6-1C6F-423C-B263-8F04AA21FAF8}.Debug|iPhone.Build.0 = Debug|iPhone
		{5C3469B6-1C6F-423C-B263-8F04AA21FAF8}.Debug|iPhoneSimulator.ActiveCfg = Debug|iPhoneSimulator
		{5C3469B6-1C6F-423C-B263-8F04AA21FAF8}.Debug|iPhoneSimulator.Build.0 = Debug|iPhoneSimulator
		{5C3469B6-1C6F-423C-B263-8F04AA21FAF8}.Debug|x64.ActiveCfg = Debug|iPhone
		{5C3469B6-1C6F-423C-B263-8F04AA21FAF8}.Debug|x86.ActiveCfg = Debug|iPhone
		{5C3469B6-1C6F-423C-B263-8F04AA21FAF8}.Release|Any CPU.ActiveCfg = Release|iPhone
		{5C3469B6-1C6F-423C-B263-8F04AA21FAF8}.Release|ARM.ActiveCfg = Release|iPhone
		{5C3469B6-1C6F-423C-B263-8F04AA21FAF8}.Release|iPhone.ActiveCfg = Release|iPhone
		{5C3469B6-1C6F-423C-B263-8F04AA21FAF8}.Release|iPhone.Build.0 = Release|iPhone
		{5C3469B6-1C6F-423C-B263-8F04AA21FAF8}.Release|iPhoneSimulator.ActiveCfg = Release|iPhoneSimulator
		{5C3469B6-1C6F-423C-B263-8F04AA21FAF8}.Release|iPhoneSimulator.Build.0 = Release|iPhoneSimulator
		{5C3469B6-1C6F-423C-B263-8F04AA21FAF8}.Release|x64.ActiveCfg = Release|iPhone
		{5C3469B6-1C6F-423C-B263-8F04AA21FAF8}.Release|x86.ActiveCfg = Release|iPhone
		{34934724-1FEE-40A5-A5D5-7D9882949711}.Ad-Hoc|Any CPU.ActiveCfg = Release|x86
		{34934724-1FEE-40A5-A5D5-7D9882949711}.Ad-Hoc|Any CPU.Build.0 = Release|x86
		{34934724-1FEE-40A5-A5D5-7D9882949711}.Ad-Hoc|Any CPU.Deploy.0 = Release|x86
		{34934724-1FEE-40A5-A5D5-7D9882949711}.Ad-Hoc|ARM.ActiveCfg = Release|ARM
		{34934724-1FEE-40A5-A5D5-7D9882949711}.Ad-Hoc|ARM.Build.0 = Release|ARM
		{34934724-1FEE-40A5-A5D5-7D9882949711}.Ad-Hoc|ARM.Deploy.0 = Release|ARM
		{34934724-1FEE-40A5-A5D5-7D9882949711}.Ad-Hoc|iPhone.ActiveCfg = Release|x86
		{34934724-1FEE-40A5-A5D5-7D9882949711}.Ad-Hoc|iPhone.Build.0 = Release|x86
		{34934724-1FEE-40A5-A5D5-7D9882949711}.Ad-Hoc|iPhone.Deploy.0 = Release|x86
		{34934724-1FEE-40A5-A5D5-7D9882949711}.Ad-Hoc|iPhoneSimulator.ActiveCfg = Release|x86
		{34934724-1FEE-40A5-A5D5-7D9882949711}.Ad-Hoc|iPhoneSimulator.Build.0 = Release|x86
		{34934724-1FEE-40A5-A5D5-7D9882949711}.Ad-Hoc|iPhoneSimulator.Deploy.0 = Release|x86
		{34934724-1FEE-40A5-A5D5-7D9882949711}.Ad-Hoc|x64.ActiveCfg = Release|x64
		{34934724-1FEE-40A5-A5D5-7D9882949711}.Ad-Hoc|x64.Build.0 = Release|x64
		{34934724-1FEE-40A5-A5D5-7D9882949711}.Ad-Hoc|x64.Deploy.0 = Release|x64
		{34934724-1FEE-40A5-A5D5-7D9882949711}.Ad-Hoc|x86.ActiveCfg = Release|x86
		{34934724-1FEE-40A5-A5D5-7D9882949711}.Ad-Hoc|x86.Build.0 = Release|x86
		{34934724-1FEE-40A5-A5D5-7D9882949711}.Ad-Hoc|x86.Deploy.0 = Release|x86
		{34934724-1FEE-40A5-A5D5-7D9882949711}.AppStore|Any CPU.ActiveCfg = Release|x86
		{34934724-1FEE-40A5-A5D5-7D9882949711}.AppStore|Any CPU.Build.0 = Release|x86
		{34934724-1FEE-40A5-A5D5-7D9882949711}.AppStore|Any CPU.Deploy.0 = Release|x86
		{34934724-1FEE-40A5-A5D5-7D9882949711}.AppStore|ARM.ActiveCfg = Release|ARM
		{34934724-1FEE-40A5-A5D5-7D9882949711}.AppStore|ARM.Build.0 = Release|ARM
		{34934724-1FEE-40A5-A5D5-7D9882949711}.AppStore|ARM.Deploy.0 = Release|ARM
		{34934724-1FEE-40A5-A5D5-7D9882949711}.AppStore|iPhone.ActiveCfg = Release|x86
		{34934724-1FEE-40A5-A5D5-7D9882949711}.AppStore|iPhone.Build.0 = Release|x86
		{34934724-1FEE-40A5-A5D5-7D9882949711}.AppStore|iPhone.Deploy.0 = Release|x86
		{34934724-1FEE-40A5-A5D5-7D9882949711}.AppStore|iPhoneSimulator.ActiveCfg = Release|x86
		{34934724-1FEE-40A5-A5D5-7D9882949711}.AppStore|iPhoneSimulator.Build.0 = Release|x86
		{34934724-1FEE-40A5-A5D5-7D9882949711}.AppStore|iPhoneSimulator.Deploy.0 = Release|x86
		{34934724-1FEE-40A5-A5D5-7D9882949711}.AppStore|x64.ActiveCfg = Release|x64
		{34934724-1FEE-40A5-A5D5-7D9882949711}.AppStore|x64.Build.0 = Release|x64
		{34934724-1FEE-40A5-A5D5-7D9882949711}.AppStore|x64.Deploy.0 = Release|x64
		{34934724-1FEE-40A5-A5D5-7D9882949711}.AppStore|x86.ActiveCfg = Release|x86
		{34934724-1FEE-40A5-A5D5-7D9882949711}.AppStore|x86.Build.0 = Release|x86
		{34934724-1FEE-40A5-A5D5-7D9882949711}.AppStore|x86.Deploy.0 = Release|x86
		{34934724-1FEE-40A5-A5D5-7D9882949711}.Debug|Any CPU.ActiveCfg = Debug|x86
		{34934724-1FEE-40A5-A5D5-7D9882949711}.Debug|Any CPU.Build.0 = Debug|x86
		{34934724-1FEE-40A5-A5D5-7D9882949711}.Debug|Any CPU.Deploy.0 = Debug|x86
		{34934724-1FEE-40A5-A5D5-7D9882949711}.Debug|ARM.ActiveCfg = Debug|ARM
		{34934724-1FEE-40A5-A5D5-7D9882949711}.Debug|ARM.Build.0 = Debug|ARM
		{34934724-1FEE-40A5-A5D5-7D9882949711}.Debug|ARM.Deploy.0 = Debug|ARM
		{34934724-1FEE-40A5-A5D5-7D9882949711}.Debug|iPhone.ActiveCfg = Debug|x86
		{34934724-1FEE-40A5-A5D5-7D9882949711}.Debug|iPhoneSimulator.ActiveCfg = Debug|x86
		{34934724-1FEE-40A5-A5D5-7D9882949711}.Debug|x64.ActiveCfg = Debug|x64
		{34934724-1FEE-40A5-A5D5-7D9882949711}.Debug|x64.Build.0 = Debug|x64
		{34934724-1FEE-40A5-A5D5-7D9882949711}.Debug|x64.Deploy.0 = Debug|x64
		{34934724-1FEE-40A5-A5D5-7D9882949711}.Debug|x86.ActiveCfg = Debug|x86
		{34934724-1FEE-40A5-A5D5-7D9882949711}.Debug|x86.Build.0 = Debug|x86
		{34934724-1FEE-40A5-A5D5-7D9882949711}.Debug|x86.Deploy.0 = Debug|x86
		{34934724-1FEE-40A5-A5D5-7D9882949711}.Release|Any CPU.ActiveCfg = Release|x86
		{34934724-1FEE-40A5-A5D5-7D9882949711}.Release|ARM.ActiveCfg = Release|ARM
		{34934724-1FEE-40A5-A5D5-7D9882949711}.Release|ARM.Build.0 = Release|ARM
		{34934724-1FEE-40A5-A5D5-7D9882949711}.Release|ARM.Deploy.0 = Release|ARM
		{34934724-1FEE-40A5-A5D5-7D9882949711}.Release|iPhone.ActiveCfg = Release|x86
		{34934724-1FEE-40A5-A5D5-7D9882949711}.Release|iPhoneSimulator.ActiveCfg = Release|x86
		{34934724-1FEE-40A5-A5D5-7D9882949711}.Release|x64.ActiveCfg = Release|x64
		{34934724-1FEE-40A5-A5D5-7D9882949711}.Release|x64.Build.0 = Release|x64
		{34934724-1FEE-40A5-A5D5-7D9882949711}.Release|x64.Deploy.0 = Release|x64
		{34934724-1FEE-40A5-A5D5-7D9882949711}.Release|x86.ActiveCfg = Release|x86
		{34934724-1FEE-40A5-A5D5-7D9882949711}.Release|x86.Build.0 = Release|x86
		{34934724-1FEE-40A5-A5D5-7D9882949711}.Release|x86.Deploy.0 = Release|x86
	EndGlobalSection
	GlobalSection(SolutionProperties) = preSolution
		HideSolutionNode = FALSE
	EndGlobalSection
EndGlobal
